{
  "object": {
    "pins": [
      {
        "package": "Segment",
        "repositoryURL": "https://github.com/segmentio/analytics-swift.git",
        "state": {
          "branch": null,
          "revision": "7d47f4b42e6d74fe2de73b8e3c3fc2eeae4a3efd",
          "version": "1.7.3"
        }
      },
      {
        "package": "AppsFlyerLib",
        "repositoryURL": "https://github.com/AppsFlyerSDK/AppsFlyerFramework.git",
        "state": {
          "branch": null,
          "revision": "af34494864065f56bd769aa76db954fb0035cf96",
          "version": "6.15.1"
        }
      },
      {
        "package": "JSONSafeEncoding",
        "repositoryURL": "https://github.com/segmentio/jsonsafeencoding-swift.git",
        "state": {
          "branch": null,
          "revision": "af6a8b360984085e36c6341b21ecb35c12f47ebd",
          "version": "2.0.0"
        }
      },
      {
        "package": "Sovran",
        "repositoryURL": "https://github.com/segmentio/sovran-swift.git",
        "state": {
          "branch": null,
          "revision": "24867f3e4ac62027db9827112135e6531b6f4051",
          "version": "1.1.2"
        }
      }
    ]
  },
  "version": 1
}
